// !$*UTF8*$!
{
	archiveVersion = 1;
	classes = {
	};
	objectVersion = 50;
	objects = {

/* Begin PBXBuildFile section */
		132AFDB4226EA80A006D802F /* HUDUtil.m in Sources */ = {isa = PBXBuildFile; fileRef = 132AFDB3226EA80A006D802F /* HUDUtil.m */; };
		133C71D72269808400AB17C0 /* Main.storyboard in Resources */ = {isa = PBXBuildFile; fileRef = 133C71D52269808400AB17C0 /* Main.storyboard */; };
		133C71D92269808400AB17C0 /* Assets.xcassets in Resources */ = {isa = PBXBuildFile; fileRef = 133C71D82269808400AB17C0 /* Assets.xcassets */; };
		133C71DC2269808400AB17C0 /* LaunchScreen.storyboard in Resources */ = {isa = PBXBuildFile; fileRef = 133C71DA2269808400AB17C0 /* LaunchScreen.storyboard */; };
		133C71DF2269808400AB17C0 /* main.m in Sources */ = {isa = PBXBuildFile; fileRef = 133C71DE2269808400AB17C0 /* main.m */; };
		133C71E92269808500AB17C0 /* AppStoreTestTests.m in Sources */ = {isa = PBXBuildFile; fileRef = 133C71E82269808500AB17C0 /* AppStoreTestTests.m */; };
		133C71F42269808500AB17C0 /* AppStoreTestUITests.m in Sources */ = {isa = PBXBuildFile; fileRef = 133C71F32269808500AB17C0 /* AppStoreTestUITests.m */; };
		133C7213226980D000AB17C0 /* BaseViewController.m in Sources */ = {isa = PBXBuildFile; fileRef = 133C7205226980D000AB17C0 /* BaseViewController.m */; };
		133C7214226980D000AB17C0 /* AppDelegate.m in Sources */ = {isa = PBXBuildFile; fileRef = 133C7212226980D000AB17C0 /* AppDelegate.m */; };
		133C72172269819100AB17C0 /* AppDelegate+category.m in Sources */ = {isa = PBXBuildFile; fileRef = 133C72162269819100AB17C0 /* AppDelegate+category.m */; };
		133C721B2269B46300AB17C0 /* BaseNavigationViewController.m in Sources */ = {isa = PBXBuildFile; fileRef = 133C721A2269B46300AB17C0 /* BaseNavigationViewController.m */; };
		133C7227226DB2A700AB17C0 /* NetworkAPIClient.m in Sources */ = {isa = PBXBuildFile; fileRef = 133C7226226DB2A700AB17C0 /* NetworkAPIClient.m */; };
		E43E9EB136A357FA7F0E5C03 /* libPods-AppStoreTest.a in Frameworks */ = {isa = PBXBuildFile; fileRef = DB1938421B74F0BDE6D1EDEA /* libPods-AppStoreTest.a */; };
/* End PBXBuildFile section */

/* Begin PBXContainerItemProxy section */
		133C71E52269808500AB17C0 /* PBXContainerItemProxy */ = {
			isa = PBXContainerItemProxy;
			containerPortal = 133C71C42269808400AB17C0 /* Project object */;
			proxyType = 1;
			remoteGlobalIDString = 133C71CB2269808400AB17C0;
			remoteInfo = AppStoreTest;
		};
		133C71F02269808500AB17C0 /* PBXContainerItemProxy */ = {
			isa = PBXContainerItemProxy;
			containerPortal = 133C71C42269808400AB17C0 /* Project object */;
			proxyType = 1;
			remoteGlobalIDString = 133C71CB2269808400AB17C0;
			remoteInfo = AppStoreTest;
		};
/* End PBXContainerItemProxy section */

/* Begin PBXFileReference section */
		132AFDB2226EA80A006D802F /* HUDUtil.h */ = {isa = PBXFileReference; lastKnownFileType = sourcecode.c.h; path = HUDUtil.h; sourceTree = "<group>"; };
		132AFDB3226EA80A006D802F /* HUDUtil.m */ = {isa = PBXFileReference; lastKnownFileType = sourcecode.c.objc; path = HUDUtil.m; sourceTree = "<group>"; };
		133C71CC2269808400AB17C0 /* AppStoreTest.app */ = {isa = PBXFileReference; explicitFileType = wrapper.application; includeInIndex = 0; path = AppStoreTest.app; sourceTree = BUILT_PRODUCTS_DIR; };
		133C71D62269808400AB17C0 /* Base */ = {isa = PBXFileReference; lastKnownFileType = file.storyboard; name = Base; path = Base.lproj/Main.storyboard; sourceTree = "<group>"; };
		133C71D82269808400AB17C0 /* Assets.xcassets */ = {isa = PBXFileReference; lastKnownFileType = folder.assetcatalog; path = Assets.xcassets; sourceTree = "<group>"; };
		133C71DB2269808400AB17C0 /* Base */ = {isa = PBXFileReference; lastKnownFileType = file.storyboard; name = Base; path = Base.lproj/LaunchScreen.storyboard; sourceTree = "<group>"; };
		133C71DD2269808400AB17C0 /* Info.plist */ = {isa = PBXFileReference; lastKnownFileType = text.plist.xml; path = Info.plist; sourceTree = "<group>"; };
		133C71DE2269808400AB17C0 /* main.m */ = {isa = PBXFileReference; lastKnownFileType = sourcecode.c.objc; path = main.m; sourceTree = "<group>"; };
		133C71E42269808500AB17C0 /* AppStoreTestTests.xctest */ = {isa = PBXFileReference; explicitFileType = wrapper.cfbundle; includeInIndex = 0; path = AppStoreTestTests.xctest; sourceTree = BUILT_PRODUCTS_DIR; };
		133C71E82269808500AB17C0 /* AppStoreTestTests.m */ = {isa = PBXFileReference; lastKnownFileType = sourcecode.c.objc; path = AppStoreTestTests.m; sourceTree = "<group>"; };
		133C71EA2269808500AB17C0 /* Info.plist */ = {isa = PBXFileReference; lastKnownFileType = text.plist.xml; path = Info.plist; sourceTree = "<group>"; };
		133C71EF2269808500AB17C0 /* AppStoreTestUITests.xctest */ = {isa = PBXFileReference; explicitFileType = wrapper.cfbundle; includeInIndex = 0; path = AppStoreTestUITests.xctest; sourceTree = BUILT_PRODUCTS_DIR; };
		133C71F32269808500AB17C0 /* AppStoreTestUITests.m */ = {isa = PBXFileReference; lastKnownFileType = sourcecode.c.objc; path = AppStoreTestUITests.m; sourceTree = "<group>"; };
		133C71F52269808500AB17C0 /* Info.plist */ = {isa = PBXFileReference; lastKnownFileType = text.plist.xml; path = Info.plist; sourceTree = "<group>"; };
		133C7205226980D000AB17C0 /* BaseViewController.m */ = {isa = PBXFileReference; fileEncoding = 4; lastKnownFileType = sourcecode.c.objc; path = BaseViewController.m; sourceTree = "<group>"; };
		133C7206226980D000AB17C0 /* BaseViewController.h */ = {isa = PBXFileReference; fileEncoding = 4; lastKnownFileType = sourcecode.c.h; path = BaseViewController.h; sourceTree = "<group>"; };
		133C7209226980D000AB17C0 /* UtilsMacros.h */ = {isa = PBXFileReference; fileEncoding = 4; lastKnownFileType = sourcecode.c.h; path = UtilsMacros.h; sourceTree = "<group>"; };
		133C720A226980D000AB17C0 /* CommonMacros.h */ = {isa = PBXFileReference; fileEncoding = 4; lastKnownFileType = sourcecode.c.h; path = CommonMacros.h; sourceTree = "<group>"; };
		133C720B226980D000AB17C0 /* LibMacros.h */ = {isa = PBXFileReference; fileEncoding = 4; lastKnownFileType = sourcecode.c.h; path = LibMacros.h; sourceTree = "<group>"; };
		133C720C226980D000AB17C0 /* APIMacros.h */ = {isa = PBXFileReference; fileEncoding = 4; lastKnownFileType = sourcecode.c.h; path = APIMacros.h; sourceTree = "<group>"; };
		133C7211226980D000AB17C0 /* AppDelegate.h */ = {isa = PBXFileReference; fileEncoding = 4; lastKnownFileType = sourcecode.c.h; path = AppDelegate.h; sourceTree = "<group>"; };
		133C7212226980D000AB17C0 /* AppDelegate.m */ = {isa = PBXFileReference; fileEncoding = 4; lastKnownFileType = sourcecode.c.objc; path = AppDelegate.m; sourceTree = "<group>"; };
		133C72152269819100AB17C0 /* AppDelegate+category.h */ = {isa = PBXFileReference; lastKnownFileType = sourcecode.c.h; path = "AppDelegate+category.h"; sourceTree = "<group>"; };
		133C72162269819100AB17C0 /* AppDelegate+category.m */ = {isa = PBXFileReference; lastKnownFileType = sourcecode.c.objc; path = "AppDelegate+category.m"; sourceTree = "<group>"; };
		133C72192269B46300AB17C0 /* BaseNavigationViewController.h */ = {isa = PBXFileReference; lastKnownFileType = sourcecode.c.h; path = BaseNavigationViewController.h; sourceTree = "<group>"; };
		133C721A2269B46300AB17C0 /* BaseNavigationViewController.m */ = {isa = PBXFileReference; lastKnownFileType = sourcecode.c.objc; path = BaseNavigationViewController.m; sourceTree = "<group>"; };
		133C721C2269B73000AB17C0 /* PrefixHeader.pch */ = {isa = PBXFileReference; lastKnownFileType = sourcecode.c.h; path = PrefixHeader.pch; sourceTree = "<group>"; };
		133C7225226DB2A700AB17C0 /* NetworkAPIClient.h */ = {isa = PBXFileReference; lastKnownFileType = sourcecode.c.h; path = NetworkAPIClient.h; sourceTree = "<group>"; };
		133C7226226DB2A700AB17C0 /* NetworkAPIClient.m */ = {isa = PBXFileReference; lastKnownFileType = sourcecode.c.objc; path = NetworkAPIClient.m; sourceTree = "<group>"; };
		1FAF34DA92B4D815BB49BCFC /* Pods-AppStoreTest.debug.xcconfig */ = {isa = PBXFileReference; includeInIndex = 1; lastKnownFileType = text.xcconfig; name = "Pods-AppStoreTest.debug.xcconfig"; path = "Pods/Target Support Files/Pods-AppStoreTest/Pods-AppStoreTest.debug.xcconfig"; sourceTree = "<group>"; };
		DB1938421B74F0BDE6D1EDEA /* libPods-AppStoreTest.a */ = {isa = PBXFileReference; explicitFileType = archive.ar; includeInIndex = 0; path = "libPods-AppStoreTest.a"; sourceTree = BUILT_PRODUCTS_DIR; };
		FF06078D72F6889F2B5FDBA3 /* Pods-AppStoreTest.release.xcconfig */ = {isa = PBXFileReference; includeInIndex = 1; lastKnownFileType = text.xcconfig; name = "Pods-AppStoreTest.release.xcconfig"; path = "Pods/Target Support Files/Pods-AppStoreTest/Pods-AppStoreTest.release.xcconfig"; sourceTree = "<group>"; };
/* End PBXFileReference section */

/* Begin PBXFrameworksBuildPhase section */
		133C71C92269808400AB17C0 /* Frameworks */ = {
			isa = PBXFrameworksBuildPhase;
			buildActionMask = 2147483647;
			files = (
				E43E9EB136A357FA7F0E5C03 /* libPods-AppStoreTest.a in Frameworks */,
			);
			runOnlyForDeploymentPostprocessing = 0;
		};
		133C71E12269808500AB17C0 /* Frameworks */ = {
			isa = PBXFrameworksBuildPhase;
			buildActionMask = 2147483647;
			files = (
			);
			runOnlyForDeploymentPostprocessing = 0;
		};
		133C71EC2269808500AB17C0 /* Frameworks */ = {
			isa = PBXFrameworksBuildPhase;
			buildActionMask = 2147483647;
			files = (
			);
			runOnlyForDeploymentPostprocessing = 0;
		};
/* End PBXFrameworksBuildPhase section */

/* Begin PBXGroup section */
		133C71C32269808400AB17C0 = {
			isa = PBXGroup;
			children = (
				133C71CE2269808400AB17C0 /* AppStoreTest */,
				133C71E72269808500AB17C0 /* AppStoreTestTests */,
				133C71F22269808500AB17C0 /* AppStoreTestUITests */,
				133C71CD2269808400AB17C0 /* Products */,
				1D679AB5F2DB68AE9DC127DB /* Pods */,
				8460D707B38F0394526092A7 /* Frameworks */,
			);
			sourceTree = "<group>";
		};
		133C71CD2269808400AB17C0 /* Products */ = {
			isa = PBXGroup;
			children = (
				133C71CC2269808400AB17C0 /* AppStoreTest.app */,
				133C71E42269808500AB17C0 /* AppStoreTestTests.xctest */,
				133C71EF2269808500AB17C0 /* AppStoreTestUITests.xctest */,
			);
			name = Products;
			sourceTree = "<group>";
		};
		133C71CE2269808400AB17C0 /* AppStoreTest */ = {
			isa = PBXGroup;
			children = (
				133C7210226980D000AB17C0 /* Appdelegate */,
				133C7202226980D000AB17C0 /* Base */,
				133C720F226980D000AB17C0 /* Libs */,
				133C7208226980D000AB17C0 /* Macros */,
				133C7201226980D000AB17C0 /* Manager */,
				133C720D226980D000AB17C0 /* Modules */,
				133C720E226980D000AB17C0 /* Utils */,
				133C71D52269808400AB17C0 /* Main.storyboard */,
				133C71D82269808400AB17C0 /* Assets.xcassets */,
				133C71DA2269808400AB17C0 /* LaunchScreen.storyboard */,
				133C71DD2269808400AB17C0 /* Info.plist */,
				133C71DE2269808400AB17C0 /* main.m */,
			);
			path = AppStoreTest;
			sourceTree = "<group>";
		};
		133C71E72269808500AB17C0 /* AppStoreTestTests */ = {
			isa = PBXGroup;
			children = (
				133C71E82269808500AB17C0 /* AppStoreTestTests.m */,
				133C71EA2269808500AB17C0 /* Info.plist */,
			);
			path = AppStoreTestTests;
			sourceTree = "<group>";
		};
		133C71F22269808500AB17C0 /* AppStoreTestUITests */ = {
			isa = PBXGroup;
			children = (
				133C71F32269808500AB17C0 /* AppStoreTestUITests.m */,
				133C71F52269808500AB17C0 /* Info.plist */,
			);
			path = AppStoreTestUITests;
			sourceTree = "<group>";
		};
		133C7201226980D000AB17C0 /* Manager */ = {
			isa = PBXGroup;
			children = (
				133C7224226DB29500AB17C0 /* NetworkClient */,
			);
			path = Manager;
			sourceTree = "<group>";
		};
		133C7202226980D000AB17C0 /* Base */ = {
			isa = PBXGroup;
			children = (
				133C72182269B44800AB17C0 /* BaseNavigationController */,
				133C7203226980D000AB17C0 /* BaseView */,
				133C7204226980D000AB17C0 /* BaseViewController */,
				133C7207226980D000AB17C0 /* BaseModel */,
			);
			path = Base;
			sourceTree = "<group>";
		};
		133C7203226980D000AB17C0 /* BaseView */ = {
			isa = PBXGroup;
			children = (
			);
			path = BaseView;
			sourceTree = "<group>";
		};
		133C7204226980D000AB17C0 /* BaseViewController */ = {
			isa = PBXGroup;
			children = (
				133C7206226980D000AB17C0 /* BaseViewController.h */,
				133C7205226980D000AB17C0 /* BaseViewController.m */,
			);
			path = BaseViewController;
			sourceTree = "<group>";
		};
		133C7207226980D000AB17C0 /* BaseModel */ = {
			isa = PBXGroup;
			children = (
			);
			path = BaseModel;
			sourceTree = "<group>";
		};
		133C7208226980D000AB17C0 /* Macros */ = {
			isa = PBXGroup;
			children = (
				133C7209226980D000AB17C0 /* UtilsMacros.h */,
				133C720A226980D000AB17C0 /* CommonMacros.h */,
				133C720B226980D000AB17C0 /* LibMacros.h */,
				133C720C226980D000AB17C0 /* APIMacros.h */,
				133C721C2269B73000AB17C0 /* PrefixHeader.pch */,
			);
			path = Macros;
			sourceTree = "<group>";
		};
		133C720D226980D000AB17C0 /* Modules */ = {
			isa = PBXGroup;
			children = (
			);
			path = Modules;
			sourceTree = "<group>";
		};
		133C720E226980D000AB17C0 /* Utils */ = {
			isa = PBXGroup;
			children = (
				132AFDB2226EA80A006D802F /* HUDUtil.h */,
				132AFDB3226EA80A006D802F /* HUDUtil.m */,
			);
			path = Utils;
			sourceTree = "<group>";
		};
		133C720F226980D000AB17C0 /* Libs */ = {
			isa = PBXGroup;
			children = (
			);
			path = Libs;
			sourceTree = "<group>";
		};
		133C7210226980D000AB17C0 /* Appdelegate */ = {
			isa = PBXGroup;
			children = (
				133C7211226980D000AB17C0 /* AppDelegate.h */,
				133C7212226980D000AB17C0 /* AppDelegate.m */,
				133C72152269819100AB17C0 /* AppDelegate+category.h */,
				133C72162269819100AB17C0 /* AppDelegate+category.m */,
			);
			path = Appdelegate;
			sourceTree = "<group>";
		};
		133C72182269B44800AB17C0 /* BaseNavigationController */ = {
			isa = PBXGroup;
			children = (
				133C72192269B46300AB17C0 /* BaseNavigationViewController.h */,
				133C721A2269B46300AB17C0 /* BaseNavigationViewController.m */,
			);
			path = BaseNavigationController;
			sourceTree = "<group>";
		};
		133C7224226DB29500AB17C0 /* NetworkClient */ = {
			isa = PBXGroup;
			children = (
				133C7225226DB2A700AB17C0 /* NetworkAPIClient.h */,
				133C7226226DB2A700AB17C0 /* NetworkAPIClient.m */,
			);
			path = NetworkClient;
			sourceTree = "<group>";
		};
		1D679AB5F2DB68AE9DC127DB /* Pods */ = {
			isa = PBXGroup;
			children = (
				1FAF34DA92B4D815BB49BCFC /* Pods-AppStoreTest.debug.xcconfig */,
				FF06078D72F6889F2B5FDBA3 /* Pods-AppStoreTest.release.xcconfig */,
			);
			name = Pods;
			sourceTree = "<group>";
		};
		8460D707B38F0394526092A7 /* Frameworks */ = {
			isa = PBXGroup;
			children = (
				DB1938421B74F0BDE6D1EDEA /* libPods-AppStoreTest.a */,
			);
			name = Frameworks;
			sourceTree = "<group>";
		};
/* End PBXGroup section */

/* Begin PBXNativeTarget section */
		133C71CB2269808400AB17C0 /* AppStoreTest */ = {
			isa = PBXNativeTarget;
			buildConfigurationList = 133C71F82269808500AB17C0 /* Build configuration list for PBXNativeTarget "AppStoreTest" */;
			buildPhases = (
				F10E5EEAF527086E9A4B6F25 /* [CP] Check Pods Manifest.lock */,
				133C71C82269808400AB17C0 /* Sources */,
				133C71C92269808400AB17C0 /* Frameworks */,
				133C71CA2269808400AB17C0 /* Resources */,
				9A8182663736079E1A139B98 /* [CP] Copy Pods Resources */,
			);
			buildRules = (
			);
			dependencies = (
			);
			name = AppStoreTest;
			productName = AppStoreTest;
			productReference = 133C71CC2269808400AB17C0 /* AppStoreTest.app */;
			productType = "com.apple.product-type.application";
		};
		133C71E32269808500AB17C0 /* AppStoreTestTests */ = {
			isa = PBXNativeTarget;
			buildConfigurationList = 133C71FB2269808500AB17C0 /* Build configuration list for PBXNativeTarget "AppStoreTestTests" */;
			buildPhases = (
				133C71E02269808500AB17C0 /* Sources */,
				133C71E12269808500AB17C0 /* Frameworks */,
				133C71E22269808500AB17C0 /* Resources */,
			);
			buildRules = (
			);
			dependencies = (
				133C71E62269808500AB17C0 /* PBXTargetDependency */,
			);
			name = AppStoreTestTests;
			productName = AppStoreTestTests;
			productReference = 133C71E42269808500AB17C0 /* AppStoreTestTests.xctest */;
			productType = "com.apple.product-type.bundle.unit-test";
		};
		133C71EE2269808500AB17C0 /* AppStoreTestUITests */ = {
			isa = PBXNativeTarget;
			buildConfigurationList = 133C71FE2269808500AB17C0 /* Build configuration list for PBXNativeTarget "AppStoreTestUITests" */;
			buildPhases = (
				133C71EB2269808500AB17C0 /* Sources */,
				133C71EC2269808500AB17C0 /* Frameworks */,
				133C71ED2269808500AB17C0 /* Resources */,
			);
			buildRules = (
			);
			dependencies = (
				133C71F12269808500AB17C0 /* PBXTargetDependency */,
			);
			name = AppStoreTestUITests;
			productName = AppStoreTestUITests;
			productReference = 133C71EF2269808500AB17C0 /* AppStoreTestUITests.xctest */;
			productType = "com.apple.product-type.bundle.ui-testing";
		};
/* End PBXNativeTarget section */

/* Begin PBXProject section */
		133C71C42269808400AB17C0 /* Project object */ = {
			isa = PBXProject;
			attributes = {
				LastUpgradeCheck = 1020;
				ORGANIZATIONNAME = "武家成";
				TargetAttributes = {
					133C71CB2269808400AB17C0 = {
						CreatedOnToolsVersion = 10.2.1;
					};
					133C71E32269808500AB17C0 = {
						CreatedOnToolsVersion = 10.2.1;
						TestTargetID = 133C71CB2269808400AB17C0;
					};
					133C71EE2269808500AB17C0 = {
						CreatedOnToolsVersion = 10.2.1;
						TestTargetID = 133C71CB2269808400AB17C0;
					};
				};
			};
			buildConfigurationList = 133C71C72269808400AB17C0 /* Build configuration list for PBXProject "AppStoreTest" */;
			compatibilityVersion = "Xcode 9.3";
			developmentRegion = en;
			hasScannedForEncodings = 0;
			knownRegions = (
				en,
				Base,
			);
			mainGroup = 133C71C32269808400AB17C0;
			productRefGroup = 133C71CD2269808400AB17C0 /* Products */;
			projectDirPath = "";
			projectRoot = "";
			targets = (
				133C71CB2269808400AB17C0 /* AppStoreTest */,
				133C71E32269808500AB17C0 /* AppStoreTestTests */,
				133C71EE2269808500AB17C0 /* AppStoreTestUITests */,
			);
		};
/* End PBXProject section */

/* Begin PBXResourcesBuildPhase section */
		133C71CA2269808400AB17C0 /* Resources */ = {
			isa = PBXResourcesBuildPhase;
			buildActionMask = 2147483647;
			files = (
				133C71DC2269808400AB17C0 /* LaunchScreen.storyboard in Resources */,
				133C71D92269808400AB17C0 /* Assets.xcassets in Resources */,
				133C71D72269808400AB17C0 /* Main.storyboard in Resources */,
			);
			runOnlyForDeploymentPostprocessing = 0;
		};
		133C71E22269808500AB17C0 /* Resources */ = {
			isa = PBXResourcesBuildPhase;
			buildActionMask = 2147483647;
			files = (
			);
			runOnlyForDeploymentPostprocessing = 0;
		};
		133C71ED2269808500AB17C0 /* Resources */ = {
			isa = PBXResourcesBuildPhase;
			buildActionMask = 2147483647;
			files = (
			);
			runOnlyForDeploymentPostprocessing = 0;
		};
/* End PBXResourcesBuildPhase section */

/* Begin PBXShellScriptBuildPhase section */
		9A8182663736079E1A139B98 /* [CP] Copy Pods Resources */ = {
			isa = PBXShellScriptBuildPhase;
			buildActionMask = 2147483647;
			files = (
			);
			inputFileListPaths = (
			);
			inputPaths = (
				"${SRCROOT}/Pods/Target Support Files/Pods-AppStoreTest/Pods-AppStoreTest-resources.sh",
				"${PODS_ROOT}/SVProgressHUD/SVProgressHUD/SVProgressHUD.bundle",
			);
			name = "[CP] Copy Pods Resources";
			outputFileListPaths = (
			);
			outputPaths = (
				"${TARGET_BUILD_DIR}/${UNLOCALIZED_RESOURCES_FOLDER_PATH}/SVProgressHUD.bundle",
			);
			runOnlyForDeploymentPostprocessing = 0;
			shellPath = /bin/sh;
			shellScript = "\"${SRCROOT}/Pods/Target Support Files/Pods-AppStoreTest/Pods-AppStoreTest-resources.sh\"\n";
			showEnvVarsInLog = 0;
		};
		F10E5EEAF527086E9A4B6F25 /* [CP] Check Pods Manifest.lock */ = {
			isa = PBXShellScriptBuildPhase;
			buildActionMask = 2147483647;
			files = (
			);
			inputFileListPaths = (
			);
			inputPaths = (
				"${PODS_PODFILE_DIR_PATH}/Podfile.lock",
				"${PODS_ROOT}/Manifest.lock",
			);
			name = "[CP] Check Pods Manifest.lock";
			outputFileListPaths = (
			);
			outputPaths = (
				"$(DERIVED_FILE_DIR)/Pods-AppStoreTest-checkManifestLockResult.txt",
			);
			runOnlyForDeploymentPostprocessing = 0;
			shellPath = /bin/sh;
			shellScript = "diff \"${PODS_PODFILE_DIR_PATH}/Podfile.lock\" \"${PODS_ROOT}/Manifest.lock\" > /dev/null\nif [ $? != 0 ] ; then\n    # print error to STDERR\n    echo \"error: The sandbox is not in sync with the Podfile.lock. Run 'pod install' or update your CocoaPods installation.\" >&2\n    exit 1\nfi\n# This output is used by Xcode 'outputs' to avoid re-running this script phase.\necho \"SUCCESS\" > \"${SCRIPT_OUTPUT_FILE_0}\"\n";
			showEnvVarsInLog = 0;
		};
/* End PBXShellScriptBuildPhase section */

/* Begin PBXSourcesBuildPhase section */
		133C71C82269808400AB17C0 /* Sources */ = {
			isa = PBXSourcesBuildPhase;
			buildActionMask = 2147483647;
			files = (
				133C7227226DB2A700AB17C0 /* NetworkAPIClient.m in Sources */,
				132AFDB4226EA80A006D802F /* HUDUtil.m in Sources */,
				133C71DF2269808400AB17C0 /* main.m in Sources */,
				133C721B2269B46300AB17C0 /* BaseNavigationViewController.m in Sources */,
				133C7213226980D000AB17C0 /* BaseViewController.m in Sources */,
				133C72172269819100AB17C0 /* AppDelegate+category.m in Sources */,
				133C7214226980D000AB17C0 /* AppDelegate.m in Sources */,
			);
			runOnlyForDeploymentPostprocessing = 0;
		};
		133C71E02269808500AB17C0 /* Sources */ = {
			isa = PBXSourcesBuildPhase;
			buildActionMask = 2147483647;
			files = (
				133C71E92269808500AB17C0 /* AppStoreTestTests.m in Sources */,
			);
			runOnlyForDeploymentPostprocessing = 0;
		};
		133C71EB2269808500AB17C0 /* Sources */ = {
			isa = PBXSourcesBuildPhase;
			buildActionMask = 2147483647;
			files = (
				133C71F42269808500AB17C0 /* AppStoreTestUITests.m in Sources */,
			);
			runOnlyForDeploymentPostprocessing = 0;
		};
/* End PBXSourcesBuildPhase section */

/* Begin PBXTargetDependency section */
		133C71E62269808500AB17C0 /* PBXTargetDependency */ = {
			isa = PBXTargetDependency;
			target = 133C71CB2269808400AB17C0 /* AppStoreTest */;
			targetProxy = 133C71E52269808500AB17C0 /* PBXContainerItemProxy */;
		};
		133C71F12269808500AB17C0 /* PBXTargetDependency */ = {
			isa = PBXTargetDependency;
			target = 133C71CB2269808400AB17C0 /* AppStoreTest */;
			targetProxy = 133C71F02269808500AB17C0 /* PBXContainerItemProxy */;
		};
/* End PBXTargetDependency section */

/* Begin PBXVariantGroup section */
		133C71D52269808400AB17C0 /* Main.storyboard */ = {
			isa = PBXVariantGroup;
			children = (
				133C71D62269808400AB17C0 /* Base */,
			);
			name = Main.storyboard;
			sourceTree = "<group>";
		};
		133C71DA2269808400AB17C0 /* LaunchScreen.storyboard */ = {
			isa = PBXVariantGroup;
			children = (
				133C71DB2269808400AB17C0 /* Base */,
			);
			name = LaunchScreen.storyboard;
			sourceTree = "<group>";
		};
/* End PBXVariantGroup section */

/* Begin XCBuildConfiguration section */
		133C71F62269808500AB17C0 /* Debug */ = {
			isa = XCBuildConfiguration;
			buildSettings = {
				ALWAYS_SEARCH_USER_PATHS = NO;
				CLANG_ANALYZER_NONNULL = YES;
				CLANG_ANALYZER_NUMBER_OBJECT_CONVERSION = YES_AGGRESSIVE;
				CLANG_CXX_LANGUAGE_STANDARD = "gnu++14";
				CLANG_CXX_LIBRARY = "libc++";
				CLANG_ENABLE_MODULES = YES;
				CLANG_ENABLE_OBJC_ARC = YES;
				CLANG_ENABLE_OBJC_WEAK = YES;
				CLANG_WARN_BLOCK_CAPTURE_AUTORELEASING = YES;
				CLANG_WARN_BOOL_CONVERSION = YES;
				CLANG_WARN_COMMA = YES;
				CLANG_WARN_CONSTANT_CONVERSION = YES;
				CLANG_WARN_DEPRECATED_OBJC_IMPLEMENTATIONS = YES;
				CLANG_WARN_DIRECT_OBJC_ISA_USAGE = YES_ERROR;
				CLANG_WARN_DOCUMENTATION_COMMENTS = YES;
				CLANG_WARN_EMPTY_BODY = YES;
				CLANG_WARN_ENUM_CONVERSION = YES;
				CLANG_WARN_INFINITE_RECURSION = YES;
				CLANG_WARN_INT_CONVERSION = YES;
				CLANG_WARN_NON_LITERAL_NULL_CONVERSION = YES;
				CLANG_WARN_OBJC_IMPLICIT_RETAIN_SELF = YES;
				CLANG_WARN_OBJC_LITERAL_CONVERSION = YES;
				CLANG_WARN_OBJC_ROOT_CLASS = YES_ERROR;
				CLANG_WARN_RANGE_LOOP_ANALYSIS = YES;
				CLANG_WARN_STRICT_PROTOTYPES = YES;
				CLANG_WARN_SUSPICIOUS_MOVE = YES;
				CLANG_WARN_UNGUARDED_AVAILABILITY = YES_AGGRESSIVE;
				CLANG_WARN_UNREACHABLE_CODE = YES;
				CLANG_WARN__DUPLICATE_METHOD_MATCH = YES;
				CODE_SIGN_IDENTITY = "iPhone Developer";
				COPY_PHASE_STRIP = NO;
				DEBUG_INFORMATION_FORMAT = dwarf;
				ENABLE_STRICT_OBJC_MSGSEND = YES;
				ENABLE_TESTABILITY = YES;
				GCC_C_LANGUAGE_STANDARD = gnu11;
				GCC_DYNAMIC_NO_PIC = NO;
				GCC_NO_COMMON_BLOCKS = YES;
				GCC_OPTIMIZATION_LEVEL = 0;
				GCC_PREPROCESSOR_DEFINITIONS = (
					"DEBUG=1",
					"$(inherited)",
				);
				GCC_WARN_64_TO_32_BIT_CONVERSION = YES;
				GCC_WARN_ABOUT_RETURN_TYPE = YES_ERROR;
				GCC_WARN_UNDECLARED_SELECTOR = YES;
				GCC_WARN_UNINITIALIZED_AUTOS = YES_AGGRESSIVE;
				GCC_WARN_UNUSED_FUNCTION = YES;
				GCC_WARN_UNUSED_VARIABLE = YES;
				IPHONEOS_DEPLOYMENT_TARGET = 12.2;
				MTL_ENABLE_DEBUG_INFO = INCLUDE_SOURCE;
				MTL_FAST_MATH = YES;
				ONLY_ACTIVE_ARCH = YES;
				SDKROOT = iphoneos;
			};
			name = Debug;
		};
		133C71F72269808500AB17C0 /* Release */ = {
			isa = XCBuildConfiguration;
			buildSettings = {
				ALWAYS_SEARCH_USER_PATHS = NO;
				CLANG_ANALYZER_NONNULL = YES;
				CLANG_ANALYZER_NUMBER_OBJECT_CONVERSION = YES_AGGRESSIVE;
				CLANG_CXX_LANGUAGE_STANDARD = "gnu++14";
				CLANG_CXX_LIBRARY = "libc++";
				CLANG_ENABLE_MODULES = YES;
				CLANG_ENABLE_OBJC_ARC = YES;
				CLANG_ENABLE_OBJC_WEAK = YES;
				CLANG_WARN_BLOCK_CAPTURE_AUTORELEASING = YES;
				CLANG_WARN_BOOL_CONVERSION = YES;
				CLANG_WARN_COMMA = YES;
				CLANG_WARN_CONSTANT_CONVERSION = YES;
				CLANG_WARN_DEPRECATED_OBJC_IMPLEMENTATIONS = YES;
				CLANG_WARN_DIRECT_OBJC_ISA_USAGE = YES_ERROR;
				CLANG_WARN_DOCUMENTATION_COMMENTS = YES;
				CLANG_WARN_EMPTY_BODY = YES;
				CLANG_WARN_ENUM_CONVERSION = YES;
				CLANG_WARN_INFINITE_RECURSION = YES;
				CLANG_WARN_INT_CONVERSION = YES;
				CLANG_WARN_NON_LITERAL_NULL_CONVERSION = YES;
				CLANG_WARN_OBJC_IMPLICIT_RETAIN_SELF = YES;
				CLANG_WARN_OBJC_LITERAL_CONVERSION = YES;
				CLANG_WARN_OBJC_ROOT_CLASS = YES_ERROR;
				CLANG_WARN_RANGE_LOOP_ANALYSIS = YES;
				CLANG_WARN_STRICT_PROTOTYPES = YES;
				CLANG_WARN_SUSPICIOUS_MOVE = YES;
				CLANG_WARN_UNGUARDED_AVAILABILITY = YES_AGGRESSIVE;
				CLANG_WARN_UNREACHABLE_CODE = YES;
				CLANG_WARN__DUPLICATE_METHOD_MATCH = YES;
				CODE_SIGN_IDENTITY = "iPhone Developer";
				COPY_PHASE_STRIP = NO;
				DEBUG_INFORMATION_FORMAT = "dwarf-with-dsym";
				ENABLE_NS_ASSERTIONS = NO;
				ENABLE_STRICT_OBJC_MSGSEND = YES;
				GCC_C_LANGUAGE_STANDARD = gnu11;
				GCC_NO_COMMON_BLOCKS = YES;
				GCC_WARN_64_TO_32_BIT_CONVERSION = YES;
				GCC_WARN_ABOUT_RETURN_TYPE = YES_ERROR;
				GCC_WARN_UNDECLARED_SELECTOR = YES;
				GCC_WARN_UNINITIALIZED_AUTOS = YES_AGGRESSIVE;
				GCC_WARN_UNUSED_FUNCTION = YES;
				GCC_WARN_UNUSED_VARIABLE = YES;
				IPHONEOS_DEPLOYMENT_TARGET = 12.2;
				MTL_ENABLE_DEBUG_INFO = NO;
				MTL_FAST_MATH = YES;
				SDKROOT = iphoneos;
				VALIDATE_PRODUCT = YES;
			};
			name = Release;
		};
		133C71F92269808500AB17C0 /* Debug */ = {
			isa = XCBuildConfiguration;
			baseConfigurationReference = 1FAF34DA92B4D815BB49BCFC /* Pods-AppStoreTest.debug.xcconfig */;
			buildSettings = {
				ASSETCATALOG_COMPILER_APPICON_NAME = AppIcon;
				CODE_SIGN_STYLE = Automatic;
				DEVELOPMENT_TEAM = WPMZQ395HE;
				GCC_PRECOMPILE_PREFIX_HEADER = YES;
				GCC_PREFIX_HEADER = "/Users/Conner/Desktop/学习/AppStoreTest/AppStoreTest/Macros/PrefixHeader.pch";
				INFOPLIST_FILE = AppStoreTest/Info.plist;
				LD_RUNPATH_SEARCH_PATHS = (
					"$(inherited)",
					"@executable_path/Frameworks",
				);
				LIBRARY_SEARCH_PATHS = "$(inherited)";
				PRODUCT_BUNDLE_IDENTIFIER = wjc.AppStoreTest;
				PRODUCT_NAME = "$(TARGET_NAME)";
				TARGETED_DEVICE_FAMILY = "1,2";
			};
			name = Debug;
		};
		133C71FA2269808500AB17C0 /* Release */ = {
			isa = XCBuildConfiguration;
			baseConfigurationReference = FF06078D72F6889F2B5FDBA3 /* Pods-AppStoreTest.release.xcconfig */;
			buildSettings = {
				ASSETCATALOG_COMPILER_APPICON_NAME = AppIcon;
				CODE_SIGN_STYLE = Automatic;
				DEVELOPMENT_TEAM = WPMZQ395HE;
				GCC_PRECOMPILE_PREFIX_HEADER = YES;
				GCC_PREFIX_HEADER = "/Users/Conner/Desktop/学习/AppStoreTest/AppStoreTest/Macros/PrefixHeader.pch";
				INFOPLIST_FILE = AppStoreTest/Info.plist;
				LD_RUNPATH_SEARCH_PATHS = (
					"$(inherited)",
					"@executable_path/Frameworks",
				);
				LIBRARY_SEARCH_PATHS = "$(inherited)";
				PRODUCT_BUNDLE_IDENTIFIER = wjc.AppStoreTest;
				PRODUCT_NAME = "$(TARGET_NAME)";
				TARGETED_DEVICE_FAMILY = "1,2";
			};
			name = Release;
		};
		133C71FC2269808500AB17C0 /* Debug */ = {
			isa = XCBuildConfiguration;
			buildSettings = {
				BUNDLE_LOADER = "$(TEST_HOST)";
				CODE_SIGN_STYLE = Automatic;
				INFOPLIST_FILE = AppStoreTestTests/Info.plist;
				LD_RUNPATH_SEARCH_PATHS = (
					"$(inherited)",
					"@executable_path/Frameworks",
					"@loader_path/Frameworks",
				);
				PRODUCT_BUNDLE_IDENTIFIER = wjc.AppStoreTestTests;
				PRODUCT_NAME = "$(TARGET_NAME)";
				TARGETED_DEVICE_FAMILY = "1,2";
				TEST_HOST = "$(BUILT_PRODUCTS_DIR)/AppStoreTest.app/AppStoreTest";
			};
			name = Debug;
		};
		133C71FD2269808500AB17C0 /* Release */ = {
			isa = XCBuildConfiguration;
			buildSettings = {
				BUNDLE_LOADER = "$(TEST_HOST)";
				CODE_SIGN_STYLE = Automatic;
				INFOPLIST_FILE = AppStoreTestTests/Info.plist;
				LD_RUNPATH_SEARCH_PATHS = (
					"$(inherited)",
					"@executable_path/Frameworks",
					"@loader_path/Frameworks",
				);
				PRODUCT_BUNDLE_IDENTIFIER = wjc.AppStoreTestTests;
				PRODUCT_NAME = "$(TARGET_NAME)";
				TARGETED_DEVICE_FAMILY = "1,2";
				TEST_HOST = "$(BUILT_PRODUCTS_DIR)/AppStoreTest.app/AppStoreTest";
			};
			name = Release;
		};
		133C71FF2269808500AB17C0 /* Debug */ = {
			isa = XCBuildConfiguration;
			buildSettings = {
				CODE_SIGN_STYLE = Automatic;
				INFOPLIST_FILE = AppStoreTestUITests/Info.plist;
				LD_RUNPATH_SEARCH_PATHS = (
					"$(inherited)",
					"@executable_path/Frameworks",
					"@loader_path/Frameworks",
				);
				PRODUCT_BUNDLE_IDENTIFIER = wjc.AppStoreTestUITests;
				PRODUCT_NAME = "$(TARGET_NAME)";
				TARGETED_DEVICE_FAMILY = "1,2";
				TEST_TARGET_NAME = AppStoreTest;
			};
			name = Debug;
		};
		133C72002269808500AB17C0 /* Release */ = {
			isa = XCBuildConfiguration;
			buildSettings = {
				CODE_SIGN_STYLE = Automatic;
				INFOPLIST_FILE = AppStoreTestUITests/Info.plist;
				LD_RUNPATH_SEARCH_PATHS = (
					"$(inherited)",
					"@executable_path/Frameworks",
					"@loader_path/Frameworks",
				);
				PRODUCT_BUNDLE_IDENTIFIER = wjc.AppStoreTestUITests;
				PRODUCT_NAME = "$(TARGET_NAME)";
				TARGETED_DEVICE_FAMILY = "1,2";
				TEST_TARGET_NAME = AppStoreTest;
			};
			name = Release;
		};
/* End XCBuildConfiguration section */

/* Begin XCConfigurationList section */
		133C71C72269808400AB17C0 /* Build configuration list for PBXProject "AppStoreTest" */ = {
			isa = XCConfigurationList;
			buildConfigurations = (
				133C71F62269808500AB17C0 /* Debug */,
				133C71F72269808500AB17C0 /* Release */,
			);
			defaultConfigurationIsVisible = 0;
			defaultConfigurationName = Release;
		};
		133C71F82269808500AB17C0 /* Build configuration list for PBXNativeTarget "AppStoreTest" */ = {
			isa = XCConfigurationList;
			buildConfigurations = (
				133C71F92269808500AB17C0 /* Debug */,
				133C71FA2269808500AB17C0 /* Release */,
			);
			defaultConfigurationIsVisible = 0;
			defaultConfigurationName = Release;
		};
		133C71FB2269808500AB17C0 /* Build configuration list for PBXNativeTarget "AppStoreTestTests" */ = {
			isa = XCConfigurationList;
			buildConfigurations = (
				133C71FC2269808500AB17C0 /* Debug */,
				133C71FD2269808500AB17C0 /* Release */,
			);
			defaultConfigurationIsVisible = 0;
			defaultConfigurationName = Release;
		};
		133C71FE2269808500AB17C0 /* Build configuration list for PBXNativeTarget "AppStoreTestUITests" */ = {
			isa = XCConfigurationList;
			buildConfigurations = (
				133C71FF2269808500AB17C0 /* Debug */,
				133C72002269808500AB17C0 /* Release */,
			);
			defaultConfigurationIsVisible = 0;
			defaultConfigurationName = Release;
		};
/* End XCConfigurationList section */
	};
	rootObject = 133C71C42269808400AB17C0 /* Project object */;
}
